
Microsoft Visual Studio Solution File, Format Version 12.00
# Visual Studio Version 17
VisualStudioVersion = 17.9.34902.65
MinimumVisualStudioVersion = 10.0.40219.1
Project("{FAE04EC0-301F-11D3-BF4B-00C04F79EFBC}") = "MVC", "MVC\MVC.csproj", "{8EF7CD8F-D499-4832-B27E-9CD1A05F1BBA}"
EndProject
Global
	GlobalSection(SolutionConfigurationPlatforms) = preSolution
		Debug|Any CPU = Debug|Any CPU
		Release|Any CPU = Release|Any CPU
	EndGlobalSection
	GlobalSection(ProjectConfigurationPlatforms) = postSolution
		{8EF7CD8F-D499-4832-B27E-9CD1A05F1BBA}.Debug|Any CPU.ActiveCfg = Debug|Any CPU
		{8EF7CD8F-D499-4832-B27E-9CD1A05F1BBA}.Debug|Any CPU.Build.0 = Debug|Any CPU
		{8EF7CD8F-D499-4832-B27E-9CD1A05F1BBA}.Release|Any CPU.ActiveCfg = Release|Any CPU
		{8EF7CD8F-D499-4832-B27E-9CD1A05F1BBA}.Release|Any CPU.Build.0 = Release|Any CPU
	EndGlobalSection
	GlobalSection(SolutionProperties) = preSolution
		HideSolutionNode = FALSE
	EndGlobalSection
	GlobalSection(ExtensibilityGlobals) = postSolution
		SolutionGuid = {0D911BAA-3465-48CC-AF47-9938FCCB435C}
	EndGlobalSection
EndGlobal
